
Microsoft Visual Studio Solution File, Format Version 12.00
# Visual Studio Version 16
VisualStudioVersion = 16.0.28803.202
MinimumVisualStudioVersion = 10.0.40219.1
Project("{FAE04EC0-301F-11D3-BF4B-00C04F79EFBC}") = "Sage.Api", "Sage.Api\Sage.Api.csproj", "{588E7E00-E49E-4EF7-B95D-573D66C00A4E}"
EndProject
Project("{FAE04EC0-301F-11D3-BF4B-00C04F79EFBC}") = "Sage.Data", "Sage.Data\Sage.Data.csproj", "{632AB03D-28C0-4073-BFDE-852F2CDBDB0E}"
EndProject
Project("{FAE04EC0-301F-11D3-BF4B-00C04F79EFBC}") = "Sage.Domain", "Sage.Entities\Sage.Domain.csproj", "{1D41BA4B-9925-479A-A3CB-185155771810}"
EndProject
Global
	GlobalSection(SolutionConfigurationPlatforms) = preSolution
		Debug|Any CPU = Debug|Any CPU
		Release|Any CPU = Release|Any CPU
	EndGlobalSection
	GlobalSection(ProjectConfigurationPlatforms) = postSolution
		{588E7E00-E49E-4EF7-B95D-573D66C00A4E}.Debug|Any CPU.ActiveCfg = Debug|Any CPU
		{588E7E00-E49E-4EF7-B95D-573D66C00A4E}.Debug|Any CPU.Build.0 = Debug|Any CPU
		{588E7E00-E49E-4EF7-B95D-573D66C00A4E}.Release|Any CPU.ActiveCfg = Release|Any CPU
		{588E7E00-E49E-4EF7-B95D-573D66C00A4E}.Release|Any CPU.Build.0 = Release|Any CPU
		{632AB03D-28C0-4073-BFDE-852F2CDBDB0E}.Debug|Any CPU.ActiveCfg = Debug|Any CPU
		{632AB03D-28C0-4073-BFDE-852F2CDBDB0E}.Debug|Any CPU.Build.0 = Debug|Any CPU
		{632AB03D-28C0-4073-BFDE-852F2CDBDB0E}.Release|Any CPU.ActiveCfg = Release|Any CPU
		{632AB03D-28C0-4073-BFDE-852F2CDBDB0E}.Release|Any CPU.Build.0 = Release|Any CPU
		{1D41BA4B-9925-479A-A3CB-185155771810}.Debug|Any CPU.ActiveCfg = Debug|Any CPU
		{1D41BA4B-9925-479A-A3CB-185155771810}.Debug|Any CPU.Build.0 = Debug|Any CPU
		{1D41BA4B-9925-479A-A3CB-185155771810}.Release|Any CPU.ActiveCfg = Release|Any CPU
		{1D41BA4B-9925-479A-A3CB-185155771810}.Release|Any CPU.Build.0 = Release|Any CPU
	EndGlobalSection
	GlobalSection(SolutionProperties) = preSolution
		HideSolutionNode = FALSE
	EndGlobalSection
	GlobalSection(ExtensibilityGlobals) = postSolution
		SolutionGuid = {431D55DF-2AE7-48E8-B440-A7C82CB158A5}
	EndGlobalSection
EndGlobal
